// !$*UTF8*$!
{
	archiveVersion = 1;
	classes = {
	};
	objectVersion = 50;
	objects = {

/* Begin PBXBuildFile section */
		76AE58FD240F239A00726AEC /* AppDelegate.swift in Sources */ = {isa = PBXBuildFile; fileRef = 76AE58FC240F239A00726AEC /* AppDelegate.swift */; };
		76AE58FF240F239A00726AEC /* SceneDelegate.swift in Sources */ = {isa = PBXBuildFile; fileRef = 76AE58FE240F239A00726AEC /* SceneDelegate.swift */; };
		76AE5903240F239B00726AEC /* Assets.xcassets in Resources */ = {isa = PBXBuildFile; fileRef = 76AE5902240F239B00726AEC /* Assets.xcassets */; };
		76AE5906240F239B00726AEC /* Preview Assets.xcassets in Resources */ = {isa = PBXBuildFile; fileRef = 76AE5905240F239B00726AEC /* Preview Assets.xcassets */; };
		76AE5909240F239B00726AEC /* LaunchScreen.storyboard in Resources */ = {isa = PBXBuildFile; fileRef = 76AE5907240F239B00726AEC /* LaunchScreen.storyboard */; };
		76AE5911240F23CF00726AEC /* Model.swift in Sources */ = {isa = PBXBuildFile; fileRef = 76AE5910240F23CF00726AEC /* Model.swift */; };
		76AE5913240F23D400726AEC /* MailFolderListView.swift in Sources */ = {isa = PBXBuildFile; fileRef = 76AE5912240F23D400726AEC /* MailFolderListView.swift */; };
		76AE5915240F23D900726AEC /* BlurBackgroud.swift in Sources */ = {isa = PBXBuildFile; fileRef = 76AE5914240F23D900726AEC /* BlurBackgroud.swift */; };
		76AE5919240F356800726AEC /* screen.gif in Resources */ = {isa = PBXBuildFile; fileRef = 76AE5918240F356800726AEC /* screen.gif */; };
/* End PBXBuildFile section */

/* Begin PBXFileReference section */
		76AE58F9240F239A00726AEC /* ListExample.app */ = {isa = PBXFileReference; explicitFileType = wrapper.application; includeInIndex = 0; path = ListExample.app; sourceTree = BUILT_PRODUCTS_DIR; };
		76AE58FC240F239A00726AEC /* AppDelegate.swift */ = {isa = PBXFileReference; lastKnownFileType = sourcecode.swift; path = AppDelegate.swift; sourceTree = "<group>"; };
		76AE58FE240F239A00726AEC /* SceneDelegate.swift */ = {isa = PBXFileReference; lastKnownFileType = sourcecode.swift; path = SceneDelegate.swift; sourceTree = "<group>"; };
		76AE5902240F239B00726AEC /* Assets.xcassets */ = {isa = PBXFileReference; lastKnownFileType = folder.assetcatalog; path = Assets.xcassets; sourceTree = "<group>"; };
		76AE5905240F239B00726AEC /* Preview Assets.xcassets */ = {isa = PBXFileReference; lastKnownFileType = folder.assetcatalog; path = "Preview Assets.xcassets"; sourceTree = "<group>"; };
		76AE5908240F239B00726AEC /* Base */ = {isa = PBXFileReference; lastKnownFileType = file.storyboard; name = Base; path = Base.lproj/LaunchScreen.storyboard; sourceTree = "<group>"; };
		76AE590A240F239B00726AEC /* Info.plist */ = {isa = PBXFileReference; lastKnownFileType = text.plist.xml; path = Info.plist; sourceTree = "<group>"; };
		76AE5910240F23CF00726AEC /* Model.swift */ = {isa = PBXFileReference; fileEncoding = 4; lastKnownFileType = sourcecode.swift; path = Model.swift; sourceTree = "<group>"; };
		76AE5912240F23D400726AEC /* MailFolderListView.swift */ = {isa = PBXFileReference; fileEncoding = 4; lastKnownFileType = sourcecode.swift; path = MailFolderListView.swift; sourceTree = "<group>"; };
		76AE5914240F23D900726AEC /* BlurBackgroud.swift */ = {isa = PBXFileReference; fileEncoding = 4; lastKnownFileType = sourcecode.swift; path = BlurBackgroud.swift; sourceTree = "<group>"; };
		76AE5918240F356800726AEC /* screen.gif */ = {isa = PBXFileReference; lastKnownFileType = image.gif; path = screen.gif; sourceTree = "<group>"; };
/* End PBXFileReference section */

/* Begin PBXFrameworksBuildPhase section */
		76AE58F6240F239A00726AEC /* Frameworks */ = {
			isa = PBXFrameworksBuildPhase;
			buildActionMask = 2147483647;
			files = (
			);
			runOnlyForDeploymentPostprocessing = 0;
		};
/* End PBXFrameworksBuildPhase section */

/* Begin PBXGroup section */
		76AE58F0240F239A00726AEC = {
			isa = PBXGroup;
			children = (
				76AE58FB240F239A00726AEC /* ListExample */,
				76AE58FA240F239A00726AEC /* Products */,
			);
			sourceTree = "<group>";
		};
		76AE58FA240F239A00726AEC /* Products */ = {
			isa = PBXGroup;
			children = (
				76AE58F9240F239A00726AEC /* ListExample.app */,
			);
			name = Products;
			sourceTree = "<group>";
		};
		76AE58FB240F239A00726AEC /* ListExample */ = {
			isa = PBXGroup;
			children = (
				76AE58FC240F239A00726AEC /* AppDelegate.swift */,
				76AE58FE240F239A00726AEC /* SceneDelegate.swift */,
				76AE5912240F23D400726AEC /* MailFolderListView.swift */,
				76AE5910240F23CF00726AEC /* Model.swift */,
				76AE5916240F2A2800726AEC /* Utils */,
				76AE5902240F239B00726AEC /* Assets.xcassets */,
				76AE5907240F239B00726AEC /* LaunchScreen.storyboard */,
				76AE590A240F239B00726AEC /* Info.plist */,
				76AE5917240F354A00726AEC /* ScreenShot */,
				76AE5904240F239B00726AEC /* Preview Content */,
			);
			path = ListExample;
			sourceTree = "<group>";
		};
		76AE5904240F239B00726AEC /* Preview Content */ = {
			isa = PBXGroup;
			children = (
				76AE5905240F239B00726AEC /* Preview Assets.xcassets */,
			);
			path = "Preview Content";
			sourceTree = "<group>";
		};
		76AE5916240F2A2800726AEC /* Utils */ = {
			isa = PBXGroup;
			children = (
				76AE5914240F23D900726AEC /* BlurBackgroud.swift */,
			);
			path = Utils;
			sourceTree = "<group>";
		};
		76AE5917240F354A00726AEC /* ScreenShot */ = {
			isa = PBXGroup;
			children = (
				76AE5918240F356800726AEC /* screen.gif */,
			);
			path = ScreenShot;
			sourceTree = "<group>";
		};
/* End PBXGroup section */

/* Begin PBXNativeTarget section */
		76AE58F8240F239A00726AEC /* ListExample */ = {
			isa = PBXNativeTarget;
			buildConfigurationList = 76AE590D240F239B00726AEC /* Build configuration list for PBXNativeTarget "ListExample" */;
			buildPhases = (
				76AE58F5240F239A00726AEC /* Sources */,
				76AE58F6240F239A00726AEC /* Frameworks */,
				76AE58F7240F239A00726AEC /* Resources */,
			);
			buildRules = (
			);
			dependencies = (
			);
			name = ListExample;
			productName = ListExample;
			productReference = 76AE58F9240F239A00726AEC /* ListExample.app */;
			productType = "com.apple.product-type.application";
		};
/* End PBXNativeTarget section */

/* Begin PBXProject section */
		76AE58F1240F239A00726AEC /* Project object */ = {
			isa = PBXProject;
			attributes = {
				LastSwiftUpdateCheck = 1130;
				LastUpgradeCheck = 1130;
				ORGANIZATIONNAME = "Yang Xu";
				TargetAttributes = {
					76AE58F8240F239A00726AEC = {
						CreatedOnToolsVersion = 11.3.1;
					};
				};
			};
			buildConfigurationList = 76AE58F4240F239A00726AEC /* Build configuration list for PBXProject "ListExample" */;
			compatibilityVersion = "Xcode 9.3";
			developmentRegion = en;
			hasScannedForEncodings = 0;
			knownRegions = (
				en,
				Base,
			);
			mainGroup = 76AE58F0240F239A00726AEC;
			productRefGroup = 76AE58FA240F239A00726AEC /* Products */;
			projectDirPath = "";
			projectRoot = "";
			targets = (
				76AE58F8240F239A00726AEC /* ListExample */,
			);
		};
/* End PBXProject section */

/* Begin PBXResourcesBuildPhase section */
		76AE58F7240F239A00726AEC /* Resources */ = {
			isa = PBXResourcesBuildPhase;
			buildActionMask = 2147483647;
			files = (
				76AE5909240F239B00726AEC /* LaunchScreen.storyboard in Resources */,
				76AE5906240F239B00726AEC /* Preview Assets.xcassets in Resources */,
				76AE5919240F356800726AEC /* screen.gif in Resources */,
				76AE5903240F239B00726AEC /* Assets.xcassets in Resources */,
			);
			runOnlyForDeploymentPostprocessing = 0;
		};
/* End PBXResourcesBuildPhase section */

/* Begin PBXSourcesBuildPhase section */
		76AE58F5240F239A00726AEC /* Sources */ = {
			isa = PBXSourcesBuildPhase;
			buildActionMask = 2147483647;
			files = (
				76AE58FD240F239A00726AEC /* AppDelegate.swift in Sources */,
				76AE58FF240F239A00726AEC /* SceneDelegate.swift in Sources */,
				76AE5913240F23D400726AEC /* MailFolderListView.swift in Sources */,
				76AE5915240F23D900726AEC /* BlurBackgroud.swift in Sources */,
				76AE5911240F23CF00726AEC /* Model.swift in Sources */,
			);
			runOnlyForDeploymentPostprocessing = 0;
		};
/* End PBXSourcesBuildPhase section */

/* Begin PBXVariantGroup section */
		76AE5907240F239B00726AEC /* LaunchScreen.storyboard */ = {
			isa = PBXVariantGroup;
			children = (
				76AE5908240F239B00726AEC /* Base */,
			);
			name = LaunchScreen.storyboard;
			sourceTree = "<group>";
		};
/* End PBXVariantGroup section */

/* Begin XCBuildConfiguration section */
		76AE590B240F239B00726AEC /* Debug */ = {
			isa = XCBuildConfiguration;
			buildSettings = {
				ALWAYS_SEARCH_USER_PATHS = NO;
				CLANG_ANALYZER_NONNULL = YES;
				CLANG_ANALYZER_NUMBER_OBJECT_CONVERSION = YES_AGGRESSIVE;
				CLANG_CXX_LANGUAGE_STANDARD = "gnu++14";
				CLANG_CXX_LIBRARY = "libc++";
				CLANG_ENABLE_MODULES = YES;
				CLANG_ENABLE_OBJC_ARC = YES;
				CLANG_ENABLE_OBJC_WEAK = YES;
				CLANG_WARN_BLOCK_CAPTURE_AUTORELEASING = YES;
				CLANG_WARN_BOOL_CONVERSION = YES;
				CLANG_WARN_COMMA = YES;
				CLANG_WARN_CONSTANT_CONVERSION = YES;
				CLANG_WARN_DEPRECATED_OBJC_IMPLEMENTATIONS = YES;
				CLANG_WARN_DIRECT_OBJC_ISA_USAGE = YES_ERROR;
				CLANG_WARN_DOCUMENTATION_COMMENTS = YES;
				CLANG_WARN_EMPTY_BODY = YES;
				CLANG_WARN_ENUM_CONVERSION = YES;
				CLANG_WARN_INFINITE_RECURSION = YES;
				CLANG_WARN_INT_CONVERSION = YES;
				CLANG_WARN_NON_LITERAL_NULL_CONVERSION = YES;
				CLANG_WARN_OBJC_IMPLICIT_RETAIN_SELF = YES;
				CLANG_WARN_OBJC_LITERAL_CONVERSION = YES;
				CLANG_WARN_OBJC_ROOT_CLASS = YES_ERROR;
				CLANG_WARN_RANGE_LOOP_ANALYSIS = YES;
				CLANG_WARN_STRICT_PROTOTYPES = YES;
				CLANG_WARN_SUSPICIOUS_MOVE = YES;
				CLANG_WARN_UNGUARDED_AVAILABILITY = YES_AGGRESSIVE;
				CLANG_WARN_UNREACHABLE_CODE = YES;
				CLANG_WARN__DUPLICATE_METHOD_MATCH = YES;
				COPY_PHASE_STRIP = NO;
				DEBUG_INFORMATION_FORMAT = dwarf;
				ENABLE_STRICT_OBJC_MSGSEND = YES;
				ENABLE_TESTABILITY = YES;
				GCC_C_LANGUAGE_STANDARD = gnu11;
				GCC_DYNAMIC_NO_PIC = NO;
				GCC_NO_COMMON_BLOCKS = YES;
				GCC_OPTIMIZATION_LEVEL = 0;
				GCC_PREPROCESSOR_DEFINITIONS = (
					"DEBUG=1",
					"$(inherited)",
				);
				GCC_WARN_64_TO_32_BIT_CONVERSION = YES;
				GCC_WARN_ABOUT_RETURN_TYPE = YES_ERROR;
				GCC_WARN_UNDECLARED_SELECTOR = YES;
				GCC_WARN_UNINITIALIZED_AUTOS = YES_AGGRESSIVE;
				GCC_WARN_UNUSED_FUNCTION = YES;
				GCC_WARN_UNUSED_VARIABLE = YES;
				IPHONEOS_DEPLOYMENT_TARGET = 13.2;
				MTL_ENABLE_DEBUG_INFO = INCLUDE_SOURCE;
				MTL_FAST_MATH = YES;
				ONLY_ACTIVE_ARCH = YES;
				SDKROOT = iphoneos;
				SWIFT_ACTIVE_COMPILATION_CONDITIONS = DEBUG;
				SWIFT_OPTIMIZATION_LEVEL = "-Onone";
			};
			name = Debug;
		};
		76AE590C240F239B00726AEC /* Release */ = {
			isa = XCBuildConfiguration;
			buildSettings = {
				ALWAYS_SEARCH_USER_PATHS = NO;
				CLANG_ANALYZER_NONNULL = YES;
				CLANG_ANALYZER_NUMBER_OBJECT_CONVERSION = YES_AGGRESSIVE;
				CLANG_CXX_LANGUAGE_STANDARD = "gnu++14";
				CLANG_CXX_LIBRARY = "libc++";
				CLANG_ENABLE_MODULES = YES;
				CLANG_ENABLE_OBJC_ARC = YES;
				CLANG_ENABLE_OBJC_WEAK = YES;
				CLANG_WARN_BLOCK_CAPTURE_AUTORELEASING = YES;
				CLANG_WARN_BOOL_CONVERSION = YES;
				CLANG_WARN_COMMA = YES;
				CLANG_WARN_CONSTANT_CONVERSION = YES;
				CLANG_WARN_DEPRECATED_OBJC_IMPLEMENTATIONS = YES;
				CLANG_WARN_DIRECT_OBJC_ISA_USAGE = YES_ERROR;
				CLANG_WARN_DOCUMENTATION_COMMENTS = YES;
				CLANG_WARN_EMPTY_BODY = YES;
				CLANG_WARN_ENUM_CONVERSION = YES;
				CLANG_WARN_INFINITE_RECURSION = YES;
				CLANG_WARN_INT_CONVERSION = YES;
				CLANG_WARN_NON_LITERAL_NULL_CONVERSION = YES;
				CLANG_WARN_OBJC_IMPLICIT_RETAIN_SELF = YES;
				CLANG_WARN_OBJC_LITERAL_CONVERSION = YES;
				CLANG_WARN_OBJC_ROOT_CLASS = YES_ERROR;
				CLANG_WARN_RANGE_LOOP_ANALYSIS = YES;
				CLANG_WARN_STRICT_PROTOTYPES = YES;
				CLANG_WARN_SUSPICIOUS_MOVE = YES;
				CLANG_WARN_UNGUARDED_AVAILABILITY = YES_AGGRESSIVE;
				CLANG_WARN_UNREACHABLE_CODE = YES;
				CLANG_WARN__DUPLICATE_METHOD_MATCH = YES;
				COPY_PHASE_STRIP = NO;
				DEBUG_INFORMATION_FORMAT = "dwarf-with-dsym";
				ENABLE_NS_ASSERTIONS = NO;
				ENABLE_STRICT_OBJC_MSGSEND = YES;
				GCC_C_LANGUAGE_STANDARD = gnu11;
				GCC_NO_COMMON_BLOCKS = YES;
				GCC_WARN_64_TO_32_BIT_CONVERSION = YES;
				GCC_WARN_ABOUT_RETURN_TYPE = YES_ERROR;
				GCC_WARN_UNDECLARED_SELECTOR = YES;
				GCC_WARN_UNINITIALIZED_AUTOS = YES_AGGRESSIVE;
				GCC_WARN_UNUSED_FUNCTION = YES;
				GCC_WARN_UNUSED_VARIABLE = YES;
				IPHONEOS_DEPLOYMENT_TARGET = 13.2;
				MTL_ENABLE_DEBUG_INFO = NO;
				MTL_FAST_MATH = YES;
				SDKROOT = iphoneos;
				SWIFT_COMPILATION_MODE = wholemodule;
				SWIFT_OPTIMIZATION_LEVEL = "-O";
				VALIDATE_PRODUCT = YES;
			};
			name = Release;
		};
		76AE590E240F239B00726AEC /* Debug */ = {
			isa = XCBuildConfiguration;
			buildSettings = {
				ASSETCATALOG_COMPILER_APPICON_NAME = AppIcon;
				CODE_SIGN_STYLE = Automatic;
				DEVELOPMENT_ASSET_PATHS = "\"ListExample/Preview Content\"";
				DEVELOPMENT_TEAM = VFBLFL665K;
				ENABLE_PREVIEWS = YES;
				INFOPLIST_FILE = ListExample/Info.plist;
				LD_RUNPATH_SEARCH_PATHS = (
					"$(inherited)",
					"@executable_path/Frameworks",
				);
				PRODUCT_BUNDLE_IDENTIFIER = com.fatbobman.ListExample;
				PRODUCT_NAME = "$(TARGET_NAME)";
				SWIFT_VERSION = 5.0;
				TARGETED_DEVICE_FAMILY = "1,2";
			};
			name = Debug;
		};
		76AE590F240F239B00726AEC /* Release */ = {
			isa = XCBuildConfiguration;
			buildSettings = {
				ASSETCATALOG_COMPILER_APPICON_NAME = AppIcon;
				CODE_SIGN_STYLE = Automatic;
				DEVELOPMENT_ASSET_PATHS = "\"ListExample/Preview Content\"";
				DEVELOPMENT_TEAM = VFBLFL665K;
				ENABLE_PREVIEWS = YES;
				INFOPLIST_FILE = ListExample/Info.plist;
				LD_RUNPATH_SEARCH_PATHS = (
					"$(inherited)",
					"@executable_path/Frameworks",
				);
				PRODUCT_BUNDLE_IDENTIFIER = com.fatbobman.ListExample;
				PRODUCT_NAME = "$(TARGET_NAME)";
				SWIFT_VERSION = 5.0;
				TARGETED_DEVICE_FAMILY = "1,2";
			};
			name = Release;
		};
/* End XCBuildConfiguration section */

/* Begin XCConfigurationList section */
		76AE58F4240F239A00726AEC /* Build configuration list for PBXProject "ListExample" */ = {
			isa = XCConfigurationList;
			buildConfigurations = (
				76AE590B240F239B00726AEC /* Debug */,
				76AE590C240F239B00726AEC /* Release */,
			);
			defaultConfigurationIsVisible = 0;
			defaultConfigurationName = Release;
		};
		76AE590D240F239B00726AEC /* Build configuration list for PBXNativeTarget "ListExample" */ = {
			isa = XCConfigurationList;
			buildConfigurations = (
				76AE590E240F239B00726AEC /* Debug */,
				76AE590F240F239B00726AEC /* Release */,
			);
			defaultConfigurationIsVisible = 0;
			defaultConfigurationName = Release;
		};
/* End XCConfigurationList section */
	};
	rootObject = 76AE58F1240F239A00726AEC /* Project object */;
}
